<?xml version="1.0" encoding="utf-8"?>
<Project ToolsVersion="4.0" xmlns="http://schemas.microsoft.com/developer/msbuild/2003">
  <ItemGroup>
    <Filter Include="Исходные файлы">
      <UniqueIdentifier>{4FC737F1-C7A5-4376-A066-2A32D752A2FF}</UniqueIdentifier>
      <Extensions>cpp;c;cc;cxx;c++;cppm;ixx;def;odl;idl;hpj;bat;asm;asmx</Extensions>
    </Filter>
    <Filter Include="File">
      <UniqueIdentifier>{93995380-89BD-4b04-88EB-625FBE52EBFB}</UniqueIdentifier>
      <Extensions>h;hh;hpp;hxx;h++;hm;inl;inc;ipp;xsd</Extensions>
    </Filter>
    <Filter Include="File\Module_IO">
      <UniqueIdentifier>{7a0172d4-be96-4bc0-822a-4e4266f406b9}</UniqueIdentifier>
    </Filter>
    <Filter Include="File\Module_IO\DDSUnit">
      <UniqueIdentifier>{170000b4-920a-4844-bbbc-f18700a1bbc1}</UniqueIdentifier>
    </Filter>
    <Filter Include="File\Module_IO\DDSUnit\Adapters">
      <UniqueIdentifier>{471c293d-971b-4fba-9da3-2d0fdd22a56b}</UniqueIdentifier>
    </Filter>
    <Filter Include="File\Module_IO\DDSUnit\Adapters\SharedMemory_adapter">
      <UniqueIdentifier>{b30c4f7b-3534-4a91-8443-f44643aa0d24}</UniqueIdentifier>
    </Filter>
    <Filter Include="File\structs">
      <UniqueIdentifier>{76d1b139-0438-4809-b5bb-d147ce7c857a}</UniqueIdentifier>
    </Filter>
    <Filter Include="File\Module_CP">
      <UniqueIdentifier>{df7878c8-b76a-4373-8939-08bb671c0f22}</UniqueIdentifier>
    </Filter>
    <Filter Include="File\Module_CP\Unit_CP">
      <UniqueIdentifier>{cb637896-71ae-4e85-a085-f651d078aeb7}</UniqueIdentifier>
    </Filter>
    <Filter Include="File\Module_CP\Unit_CP\Unit_CP_DDS">
      <UniqueIdentifier>{910b7ddd-1dc5-4ef4-97ce-88b930c5193c}</UniqueIdentifier>
    </Filter>
    <Filter Include="File\Module_CP\Unit_CP\Unit_CP_TCP">
      <UniqueIdentifier>{2ca751d2-0ac5-4e21-aaf1-15ab79955e9c}</UniqueIdentifier>
    </Filter>
    <Filter Include="File\config">
      <UniqueIdentifier>{ad736e5c-80fb-491a-9c84-b217947b3be5}</UniqueIdentifier>
    </Filter>
    <Filter Include="File\ConfigReader">
      <UniqueIdentifier>{67235ef0-672d-43cf-9d8b-6838e8d55b96}</UniqueIdentifier>
    </Filter>
    <Filter Include="File\ConfigReader\ConfigReader_main">
      <UniqueIdentifier>{001c0b82-9a44-4b21-b40a-d9ae15b4f243}</UniqueIdentifier>
    </Filter>
    <Filter Include="File\ConfigReader\ConfigReader_units">
      <UniqueIdentifier>{0e8b235f-e250-4a22-b094-0f95e505ccdc}</UniqueIdentifier>
    </Filter>
    <Filter Include="File\Logger">
      <UniqueIdentifier>{2c49c579-3fef-49dd-b699-a648f44df822}</UniqueIdentifier>
    </Filter>
  </ItemGroup>
  <ItemGroup>
    <ClCompile Include="include\Module_IO\UnitTransfer\adapters\SharedMemory_Adapter\security_handle.cpp">
      <Filter>File\Module_IO\DDSUnit\Adapters\SharedMemory_adapter</Filter>
    </ClCompile>
    <ClCompile Include="include\Module_IO\UnitTransfer\adapters\SharedMemory_Adapter\AdapterSharedMemory.cpp">
      <Filter>Исходные файлы</Filter>
    </ClCompile>
    <ClCompile Include="include\Module_IO\UnitTransfer\adapters\Adapters.cpp">
      <Filter>Исходные файлы</Filter>
    </ClCompile>
    <ClCompile Include="include\Module_IO\UnitTransfer\adapters\DDS_Adapter\AdapterDDS.cpp">
      <Filter>Исходные файлы</Filter>
    </ClCompile>
    <ClCompile Include="include\Module_IO\UnitTransfer\adapters\OPCUA_Adapter\AdapterOPCUA.cpp">
      <Filter>Исходные файлы</Filter>
    </ClCompile>
    <ClCompile Include="include\Module_IO\UnitTransfer\UnitTransfer.cpp">
      <Filter>Исходные файлы</Filter>
    </ClCompile>
    <ClCompile Include="include\Module_IO\Module_IO.cpp">
      <Filter>Исходные файлы</Filter>
    </ClCompile>
    <ClCompile Include="include\Module_CTRL\UnitAid\UnitAid.cpp">
      <Filter>Исходные файлы</Filter>
    </ClCompile>
    <ClCompile Include="include\Module_CTRL\UnitAid\UnitAid_DDS\UnitAid_DDS.cpp">
      <Filter>Исходные файлы</Filter>
    </ClCompile>
    <ClCompile Include="include\config\Exception.cpp">
      <Filter>Исходные файлы</Filter>
    </ClCompile>
    <ClCompile Include="include\config\json2xml.cpp">
      <Filter>Исходные файлы</Filter>
    </ClCompile>
    <ClCompile Include="include\config\tinyxml2.cpp">
      <Filter>Исходные файлы</Filter>
    </ClCompile>
    <ClCompile Include="include\Module_CTRL\Module_CTRL.cpp">
      <Filter>Исходные файлы</Filter>
    </ClCompile>
    <ClCompile Include="include\ddsformat\DDSAlarm\DDSAlarm.cxx">
      <Filter>Исходные файлы</Filter>
    </ClCompile>
    <ClCompile Include="include\ddsformat\DDSAlarm\DDSAlarmPubSubTypes.cxx">
      <Filter>Исходные файлы</Filter>
    </ClCompile>
    <ClCompile Include="include\ddsformat\DDSAlarmEx\DDSAlarmEx.cxx">
      <Filter>Исходные файлы</Filter>
    </ClCompile>
    <ClCompile Include="include\ddsformat\DDSAlarmEx\DDSAlarmExPubSubTypes.cxx">
      <Filter>Исходные файлы</Filter>
    </ClCompile>
    <ClCompile Include="include\ddsformat\DdsCommand\DdsCommand.cxx">
      <Filter>Исходные файлы</Filter>
    </ClCompile>
    <ClCompile Include="include\ddsformat\DdsCommand\DdsCommandPubSubTypes.cxx">
      <Filter>Исходные файлы</Filter>
    </ClCompile>
    <ClCompile Include="include\ddsformat\DdsConfig\DdsConfig.cxx">
      <Filter>Исходные файлы</Filter>
    </ClCompile>
    <ClCompile Include="include\ddsformat\DdsConfig\DdsConfigPubSubTypes.cxx">
      <Filter>Исходные файлы</Filter>
    </ClCompile>
    <ClCompile Include="include\ddsformat\DDSData\DDSData.cxx">
      <Filter>Исходные файлы</Filter>
    </ClCompile>
    <ClCompile Include="include\ddsformat\DDSData\DDSDataPubSubTypes.cxx">
      <Filter>Исходные файлы</Filter>
    </ClCompile>
    <ClCompile Include="include\ddsformat\DDSDataEx\DDSDataEx.cxx">
      <Filter>Исходные файлы</Filter>
    </ClCompile>
    <ClCompile Include="include\ddsformat\DDSDataEx\DDSDataExPubSubTypes.cxx">
      <Filter>Исходные файлы</Filter>
    </ClCompile>
    <ClCompile Include="include\ddsformat\DdsStatus\DdsStatus.cxx">
      <Filter>Исходные файлы</Filter>
    </ClCompile>
    <ClCompile Include="include\ddsformat\DdsStatus\DdsStatusPubSubTypes.cxx">
      <Filter>Исходные файлы</Filter>
    </ClCompile>
    <ClCompile Include="include\ddsformat\SizeTopics.cpp">
      <Filter>Исходные файлы</Filter>
    </ClCompile>
    <ClCompile Include="include\monitor_process\atechlib\mon\src\scd_global_accessors.cpp">
      <Filter>Исходные файлы</Filter>
    </ClCompile>
    <ClCompile Include="include\monitor_process\atechlib\mon\src\scd_process.cpp">
      <Filter>Исходные файлы</Filter>
    </ClCompile>
    <ClCompile Include="include\monitor_process\atechlib\mon\src\sys_usage.cpp">
      <Filter>Исходные файлы</Filter>
    </ClCompile>
    <ClCompile Include="include\logger\LoggerScadaSpdDDS.cpp">
      <Filter>Исходные файлы</Filter>
    </ClCompile>
    <ClCompile Include="include\structs\FactoryDds.cpp">
      <Filter>Исходные файлы</Filter>
    </ClCompile>
    <ClCompile Include="include\structs\struct.cpp">
      <Filter>Исходные файлы</Filter>
    </ClCompile>
    <ClCompile Include="include\structs\TimeConverter.cpp">
      <Filter>Исходные файлы</Filter>
    </ClCompile>
    <ClCompile Include="include\logger\LoggerScadaInterface.cpp">
      <Filter>Исходные файлы</Filter>
    </ClCompile>
    <ClCompile Include="include\logger\LoggerScadaNone.cpp">
      <Filter>Исходные файлы</Filter>
    </ClCompile>
    <ClCompile Include="main_test_adapterSM.cpp">
      <Filter>Исходные файлы</Filter>
    </ClCompile>
  </ItemGroup>
  <ItemGroup>
    <None Include="include\config\config.json">
      <Filter>File\config</Filter>
    </None>
  </ItemGroup>
  <ItemGroup>
    <ClInclude Include="include\configReader\ConfigReader_main\Config_Reader.h">
      <Filter>File\ConfigReader\ConfigReader_main</Filter>
    </ClInclude>
    <ClInclude Include="include\configReader\ConfigReader_units\ReaderConfigUnits.h">
      <Filter>File\ConfigReader\ConfigReader_units</Filter>
    </ClInclude>
    <ClInclude Include="include\Module_CP\Module_CP.h">
      <Filter>File\Module_CP</Filter>
    </ClInclude>
    <ClInclude Include="include\Module_CP\Unit_CP\Unit_CP.h">
      <Filter>File\Module_CP\Unit_CP</Filter>
    </ClInclude>
    <ClInclude Include="include\Module_CP\Unit_CP\Unit_DDS_CP\Unit_DDS_CP.h">
      <Filter>File\Module_CP\Unit_CP\Unit_CP_DDS</Filter>
    </ClInclude>
    <ClInclude Include="include\Module_IO\ModuleIO.h">
      <Filter>File\Module_IO</Filter>
    </ClInclude>
    <ClInclude Include="include\Module_IO\UnitTransfer\adapters\SharedMemory_Adapter\security_handle.hpp">
      <Filter>File\Module_IO\DDSUnit\Adapters\SharedMemory_adapter</Filter>
    </ClInclude>
    <ClInclude Include="include\structs\struct_unit_cp.h">
      <Filter>File\structs</Filter>
    </ClInclude>
    <ClInclude Include="include\structs\structs.h">
      <Filter>File\structs</Filter>
    </ClInclude>
    <ClInclude Include="include\Module_CP\Unit_CP\Unit_TCP_CP\Unit_TCP_CP.h">
      <Filter>File\Module_CP\Unit_CP\Unit_CP_TCP</Filter>
    </ClInclude>
    <ClInclude Include="include\Module_IO\UnitTransfer\adapters\SharedMemory_Adapter\AdapterSharedMemory.hpp">
      <Filter>File</Filter>
    </ClInclude>
    <ClInclude Include="include\Module_IO\UnitTransfer\adapters\Adapters.hpp">
      <Filter>File</Filter>
    </ClInclude>
    <ClInclude Include="include\Module_IO\UnitTransfer\adapters\DDS_Adapter\AdapterDDS.hpp">
      <Filter>File</Filter>
    </ClInclude>
    <ClInclude Include="include\Module_IO\UnitTransfer\UnitTransfer.hpp">
      <Filter>File</Filter>
    </ClInclude>
    <ClInclude Include="include\Module_IO\UnitTransfer\adapters\OPCUA_Adapter\AdapterOPCUA.h">
      <Filter>File</Filter>
    </ClInclude>
    <ClInclude Include="include\Module_IO\Module_IO.hpp">
      <Filter>File</Filter>
    </ClInclude>
    <ClInclude Include="include\Module_CTRL\Module_CTRL.hpp">
      <Filter>File</Filter>
    </ClInclude>
    <ClInclude Include="include\Module_CTRL\UnitAid\UnitAid.hpp">
      <Filter>File</Filter>
    </ClInclude>
    <ClInclude Include="include\Module_CTRL\UnitAid\UnitAid_DDS\UnitAid_DDS.hpp">
      <Filter>File</Filter>
    </ClInclude>
    <ClInclude Include="include\config\adapters.h">
      <Filter>File</Filter>
    </ClInclude>
    <ClInclude Include="include\config\Exception.hpp">
      <Filter>File</Filter>
    </ClInclude>
    <ClInclude Include="include\config\json.hpp">
      <Filter>File</Filter>
    </ClInclude>
    <ClInclude Include="include\config\json2xml.hpp">
      <Filter>File</Filter>
    </ClInclude>
    <ClInclude Include="include\config\MessageSerializer.h">
      <Filter>File</Filter>
    </ClInclude>
    <ClInclude Include="include\config\tinyxml2.h">
      <Filter>File</Filter>
    </ClInclude>
    <ClInclude Include="include\config\topics.h">
      <Filter>File</Filter>
    </ClInclude>
    <ClInclude Include="include\TypeTopicDDS\TopicSize.h">
      <Filter>File</Filter>
    </ClInclude>
    <ClInclude Include="include\ddsformat\DDSAlarm\DDSAlarm.h">
      <Filter>File</Filter>
    </ClInclude>
    <ClInclude Include="include\ddsformat\DDSAlarmEx\DDSAlarmEx.h">
      <Filter>File</Filter>
    </ClInclude>
    <ClInclude Include="include\ddsformat\DDSAlarmEx\DDSAlarmExPubSubTypes.h">
      <Filter>File</Filter>
    </ClInclude>
    <ClInclude Include="include\ddsformat\DdsCommand\DdsCommand.h">
      <Filter>File</Filter>
    </ClInclude>
    <ClInclude Include="include\ddsformat\DdsCommand\DdsCommandPubSubTypes.h">
      <Filter>File</Filter>
    </ClInclude>
    <ClInclude Include="include\ddsformat\DdsConfig\DdsConfig.h">
      <Filter>File</Filter>
    </ClInclude>
    <ClInclude Include="include\ddsformat\DdsConfig\DdsConfigPubSubTypes.h">
      <Filter>File</Filter>
    </ClInclude>
    <ClInclude Include="include\ddsformat\DDSData\DDSDataPubSubTypes.h">
      <Filter>File</Filter>
    </ClInclude>
    <ClInclude Include="include\ddsformat\DDSDataEx\DDSDataEx.h">
      <Filter>File</Filter>
    </ClInclude>
    <ClInclude Include="include\ddsformat\DDSDataEx\DDSDataExPubSubTypes.h">
      <Filter>File</Filter>
    </ClInclude>
    <ClInclude Include="include\ddsformat\DdsStatus\DdsStatus.h">
      <Filter>File</Filter>
    </ClInclude>
    <ClInclude Include="include\ddsformat\DdsStatus\DdsStatusPubSubTypes.h">
      <Filter>File</Filter>
    </ClInclude>
    <ClInclude Include="include\ddsformat\SizeTopics.h">
      <Filter>File</Filter>
    </ClInclude>
    <ClInclude Include="include\ddsformat\TypeTopics.h">
      <Filter>File</Filter>
    </ClInclude>
    <ClInclude Include="include\monitor_process\atechlib\mon\src\ecal_win_main.h">
      <Filter>File</Filter>
    </ClInclude>
    <ClInclude Include="include\monitor_process\atechlib\mon\src\getenvvar.h">
      <Filter>File</Filter>
    </ClInclude>
    <ClInclude Include="include\monitor_process\atechlib\mon\src\scd_global_accessors.h">
      <Filter>File</Filter>
    </ClInclude>
    <ClInclude Include="include\monitor_process\atechlib\mon\src\scd_process_stub.h">
      <Filter>File</Filter>
    </ClInclude>
    <ClInclude Include="include\monitor_process\atechlib\mon\src\scd_win_main.h">
      <Filter>File</Filter>
    </ClInclude>
    <ClInclude Include="include\monitor_process\atechlib\mon\src\sys_usage.h">
      <Filter>File</Filter>
    </ClInclude>
    <ClInclude Include="include\monitor_process\atechlib\mon\include\mon\scd_os.h">
      <Filter>File</Filter>
    </ClInclude>
    <ClInclude Include="include\monitor_process\atechlib\mon\include\mon\scd_process.h">
      <Filter>File</Filter>
    </ClInclude>
    <ClInclude Include="include\monitor_process\atechlib\mon\include\mon\scd_process_mode.h">
      <Filter>File</Filter>
    </ClInclude>
    <ClInclude Include="include\monitor_process\atechlib\mon\include\mon\scd_process_severity.h">
      <Filter>File</Filter>
    </ClInclude>
    <ClInclude Include="include\logger\fmt\bundled\args.h">
      <Filter>File</Filter>
    </ClInclude>
    <ClInclude Include="include\logger\fmt\bundled\chrono.h">
      <Filter>File</Filter>
    </ClInclude>
    <ClInclude Include="include\logger\fmt\bundled\color.h">
      <Filter>File</Filter>
    </ClInclude>
    <ClInclude Include="include\logger\fmt\bundled\compile.h">
      <Filter>File</Filter>
    </ClInclude>
    <ClInclude Include="include\logger\fmt\bundled\core.h">
      <Filter>File</Filter>
    </ClInclude>
    <ClInclude Include="include\logger\fmt\bundled\format.h">
      <Filter>File</Filter>
    </ClInclude>
    <ClInclude Include="include\logger\fmt\bundled\format-inl.h">
      <Filter>File</Filter>
    </ClInclude>
    <ClInclude Include="include\logger\fmt\bundled\locale.h">
      <Filter>File</Filter>
    </ClInclude>
    <ClInclude Include="include\logger\fmt\bundled\os.h">
      <Filter>File</Filter>
    </ClInclude>
    <ClInclude Include="include\logger\fmt\bundled\ostream.h">
      <Filter>File</Filter>
    </ClInclude>
    <ClInclude Include="include\logger\fmt\bundled\printf.h">
      <Filter>File</Filter>
    </ClInclude>
    <ClInclude Include="include\logger\fmt\bundled\ranges.h">
      <Filter>File</Filter>
    </ClInclude>
    <ClInclude Include="include\logger\fmt\bundled\xchar.h">
      <Filter>File</Filter>
    </ClInclude>
    <ClInclude Include="include\logger\fmt\bin_to_hex.h">
      <Filter>File</Filter>
    </ClInclude>
    <ClInclude Include="include\logger\fmt\chrono.h">
      <Filter>File</Filter>
    </ClInclude>
    <ClInclude Include="include\logger\fmt\compile.h">
      <Filter>File</Filter>
    </ClInclude>
    <ClInclude Include="include\logger\fmt\fmt.h">
      <Filter>File</Filter>
    </ClInclude>
    <ClInclude Include="include\logger\fmt\ostr.h">
      <Filter>File</Filter>
    </ClInclude>
    <ClInclude Include="include\logger\fmt\xchar.h">
      <Filter>File</Filter>
    </ClInclude>
    <ClInclude Include="include\logger\spdlog\cfg\argv.h">
      <Filter>File</Filter>
    </ClInclude>
    <ClInclude Include="include\logger\spdlog\cfg\env.h">
      <Filter>File</Filter>
    </ClInclude>
    <ClInclude Include="include\logger\spdlog\cfg\helpers.h">
      <Filter>File</Filter>
    </ClInclude>
    <ClInclude Include="include\logger\spdlog\cfg\helpers-inl.h">
      <Filter>File</Filter>
    </ClInclude>
    <ClInclude Include="include\logger\spdlog\details\backtracer.h">
      <Filter>File</Filter>
    </ClInclude>
    <ClInclude Include="include\logger\spdlog\details\backtracer-inl.h">
      <Filter>File</Filter>
    </ClInclude>
    <ClInclude Include="include\logger\spdlog\details\circular_q.h">
      <Filter>File</Filter>
    </ClInclude>
    <ClInclude Include="include\logger\spdlog\details\console_globals.h">
      <Filter>File</Filter>
    </ClInclude>
    <ClInclude Include="include\logger\spdlog\details\file_helper.h">
      <Filter>File</Filter>
    </ClInclude>
    <ClInclude Include="include\logger\spdlog\details\file_helper-inl.h">
      <Filter>File</Filter>
    </ClInclude>
    <ClInclude Include="include\logger\spdlog\details\fmt_helper.h">
      <Filter>File</Filter>
    </ClInclude>
    <ClInclude Include="include\logger\spdlog\details\log_msg.h">
      <Filter>File</Filter>
    </ClInclude>
    <ClInclude Include="include\logger\spdlog\details\log_msg_buffer.h">
      <Filter>File</Filter>
    </ClInclude>
    <ClInclude Include="include\logger\spdlog\details\log_msg_buffer-inl.h">
      <Filter>File</Filter>
    </ClInclude>
    <ClInclude Include="include\logger\spdlog\details\log_msg-inl.h">
      <Filter>File</Filter>
    </ClInclude>
    <ClInclude Include="include\logger\spdlog\details\mpmc_blocking_q.h">
      <Filter>File</Filter>
    </ClInclude>
    <ClInclude Include="include\logger\spdlog\details\null_mutex.h">
      <Filter>File</Filter>
    </ClInclude>
    <ClInclude Include="include\logger\spdlog\details\os.h">
      <Filter>File</Filter>
    </ClInclude>
    <ClInclude Include="include\logger\spdlog\details\os-inl.h">
      <Filter>File</Filter>
    </ClInclude>
    <ClInclude Include="include\logger\spdlog\details\periodic_worker.h">
      <Filter>File</Filter>
    </ClInclude>
    <ClInclude Include="include\logger\spdlog\details\periodic_worker-inl.h">
      <Filter>File</Filter>
    </ClInclude>
    <ClInclude Include="include\logger\spdlog\details\registry.h">
      <Filter>File</Filter>
    </ClInclude>
    <ClInclude Include="include\logger\spdlog\details\registry-inl.h">
      <Filter>File</Filter>
    </ClInclude>
    <ClInclude Include="include\logger\spdlog\details\synchronous_factory.h">
      <Filter>File</Filter>
    </ClInclude>
    <ClInclude Include="include\logger\spdlog\details\tcp_client.h">
      <Filter>File</Filter>
    </ClInclude>
    <ClInclude Include="include\logger\spdlog\details\tcp_client-windows.h">
      <Filter>File</Filter>
    </ClInclude>
    <ClInclude Include="include\logger\spdlog\details\thread_pool.h">
      <Filter>File</Filter>
    </ClInclude>
    <ClInclude Include="include\logger\spdlog\details\thread_pool-inl.h">
      <Filter>File</Filter>
    </ClInclude>
    <ClInclude Include="include\logger\spdlog\details\udp_client.h">
      <Filter>File</Filter>
    </ClInclude>
    <ClInclude Include="include\logger\spdlog\details\udp_client-windows.h">
      <Filter>File</Filter>
    </ClInclude>
    <ClInclude Include="include\logger\spdlog\details\windows_include.h">
      <Filter>File</Filter>
    </ClInclude>
    <ClInclude Include="include\logger\spdlog\fmt\bundled\args.h">
      <Filter>File</Filter>
    </ClInclude>
    <ClInclude Include="include\logger\spdlog\fmt\bundled\chrono.h">
      <Filter>File</Filter>
    </ClInclude>
    <ClInclude Include="include\logger\spdlog\fmt\bundled\color.h">
      <Filter>File</Filter>
    </ClInclude>
    <ClInclude Include="include\logger\spdlog\fmt\bundled\compile.h">
      <Filter>File</Filter>
    </ClInclude>
    <ClInclude Include="include\logger\spdlog\fmt\bundled\core.h">
      <Filter>File</Filter>
    </ClInclude>
    <ClInclude Include="include\logger\spdlog\fmt\bundled\format.h">
      <Filter>File</Filter>
    </ClInclude>
    <ClInclude Include="include\logger\spdlog\fmt\bundled\format-inl.h">
      <Filter>File</Filter>
    </ClInclude>
    <ClInclude Include="include\logger\spdlog\fmt\bundled\locale.h">
      <Filter>File</Filter>
    </ClInclude>
    <ClInclude Include="include\logger\spdlog\fmt\bundled\os.h">
      <Filter>File</Filter>
    </ClInclude>
    <ClInclude Include="include\logger\spdlog\fmt\bundled\ostream.h">
      <Filter>File</Filter>
    </ClInclude>
    <ClInclude Include="include\logger\spdlog\fmt\bundled\printf.h">
      <Filter>File</Filter>
    </ClInclude>
    <ClInclude Include="include\logger\spdlog\fmt\bundled\ranges.h">
      <Filter>File</Filter>
    </ClInclude>
    <ClInclude Include="include\logger\spdlog\fmt\bundled\xchar.h">
      <Filter>File</Filter>
    </ClInclude>
    <ClInclude Include="include\logger\spdlog\fmt\bin_to_hex.h">
      <Filter>File</Filter>
    </ClInclude>
    <ClInclude Include="include\logger\spdlog\fmt\chrono.h">
      <Filter>File</Filter>
    </ClInclude>
    <ClInclude Include="include\logger\spdlog\fmt\compile.h">
      <Filter>File</Filter>
    </ClInclude>
    <ClInclude Include="include\logger\spdlog\fmt\fmt.h">
      <Filter>File</Filter>
    </ClInclude>
    <ClInclude Include="include\logger\spdlog\fmt\ostr.h">
      <Filter>File</Filter>
    </ClInclude>
    <ClInclude Include="include\logger\spdlog\fmt\xchar.h">
      <Filter>File</Filter>
    </ClInclude>
    <ClInclude Include="include\logger\spdlog\sinks\android_sink.h">
      <Filter>File</Filter>
    </ClInclude>
    <ClInclude Include="include\logger\spdlog\sinks\ansicolor_sink.h">
      <Filter>File</Filter>
    </ClInclude>
    <ClInclude Include="include\logger\spdlog\sinks\ansicolor_sink-inl.h">
      <Filter>File</Filter>
    </ClInclude>
    <ClInclude Include="include\logger\spdlog\sinks\base_sink.h">
      <Filter>File</Filter>
    </ClInclude>
    <ClInclude Include="include\logger\spdlog\sinks\base_sink-inl.h">
      <Filter>File</Filter>
    </ClInclude>
    <ClInclude Include="include\logger\spdlog\sinks\basic_file_sink.h">
      <Filter>File</Filter>
    </ClInclude>
    <ClInclude Include="include\logger\spdlog\sinks\basic_file_sink-inl.h">
      <Filter>File</Filter>
    </ClInclude>
    <ClInclude Include="include\logger\spdlog\sinks\daily_file_sink.h">
      <Filter>File</Filter>
    </ClInclude>
    <ClInclude Include="include\logger\spdlog\sinks\dist_sink.h">
      <Filter>File</Filter>
    </ClInclude>
    <ClInclude Include="include\logger\spdlog\sinks\dup_filter_sink.h">
      <Filter>File</Filter>
    </ClInclude>
    <ClInclude Include="include\logger\spdlog\sinks\hourly_file_sink.h">
      <Filter>File</Filter>
    </ClInclude>
    <ClInclude Include="include\logger\spdlog\sinks\mongo_sink.h">
      <Filter>File</Filter>
    </ClInclude>
    <ClInclude Include="include\logger\spdlog\sinks\msvc_sink.h">
      <Filter>File</Filter>
    </ClInclude>
    <ClInclude Include="include\logger\spdlog\sinks\null_sink.h">
      <Filter>File</Filter>
    </ClInclude>
    <ClInclude Include="include\logger\spdlog\sinks\ostream_sink.h">
      <Filter>File</Filter>
    </ClInclude>
    <ClInclude Include="include\logger\spdlog\sinks\qt_sinks.h">
      <Filter>File</Filter>
    </ClInclude>
    <ClInclude Include="include\logger\spdlog\sinks\ringbuffer_sink.h">
      <Filter>File</Filter>
    </ClInclude>
    <ClInclude Include="include\logger\spdlog\sinks\rotating_file_sink.h">
      <Filter>File</Filter>
    </ClInclude>
    <ClInclude Include="include\logger\spdlog\sinks\rotating_file_sink-inl.h">
      <Filter>File</Filter>
    </ClInclude>
    <ClInclude Include="include\logger\spdlog\sinks\sink.h">
      <Filter>File</Filter>
    </ClInclude>
    <ClInclude Include="include\logger\spdlog\sinks\sink-inl.h">
      <Filter>File</Filter>
    </ClInclude>
    <ClInclude Include="include\logger\spdlog\sinks\stdout_color_sinks.h">
      <Filter>File</Filter>
    </ClInclude>
    <ClInclude Include="include\logger\spdlog\sinks\stdout_color_sinks-inl.h">
      <Filter>File</Filter>
    </ClInclude>
    <ClInclude Include="include\logger\spdlog\sinks\stdout_sinks.h">
      <Filter>File</Filter>
    </ClInclude>
    <ClInclude Include="include\logger\spdlog\sinks\stdout_sinks-inl.h">
      <Filter>File</Filter>
    </ClInclude>
    <ClInclude Include="include\logger\spdlog\sinks\syslog_sink.h">
      <Filter>File</Filter>
    </ClInclude>
    <ClInclude Include="include\logger\spdlog\sinks\systemd_sink.h">
      <Filter>File</Filter>
    </ClInclude>
    <ClInclude Include="include\logger\spdlog\sinks\tcp_sink.h">
      <Filter>File</Filter>
    </ClInclude>
    <ClInclude Include="include\logger\spdlog\sinks\udp_sink.h">
      <Filter>File</Filter>
    </ClInclude>
    <ClInclude Include="include\logger\spdlog\sinks\win_eventlog_sink.h">
      <Filter>File</Filter>
    </ClInclude>
    <ClInclude Include="include\logger\spdlog\sinks\wincolor_sink.h">
      <Filter>File</Filter>
    </ClInclude>
    <ClInclude Include="include\logger\spdlog\sinks\wincolor_sink-inl.h">
      <Filter>File</Filter>
    </ClInclude>
    <ClInclude Include="include\logger\spdlog\async.h">
      <Filter>File</Filter>
    </ClInclude>
    <ClInclude Include="include\logger\spdlog\async_logger.h">
      <Filter>File</Filter>
    </ClInclude>
    <ClInclude Include="include\logger\spdlog\async_logger-inl.h">
      <Filter>File</Filter>
    </ClInclude>
    <ClInclude Include="include\logger\spdlog\common.h">
      <Filter>File</Filter>
    </ClInclude>
    <ClInclude Include="include\logger\spdlog\common-inl.h">
      <Filter>File</Filter>
    </ClInclude>
    <ClInclude Include="include\logger\spdlog\formatter.h">
      <Filter>File</Filter>
    </ClInclude>
    <ClInclude Include="include\logger\spdlog\fwd.h">
      <Filter>File</Filter>
    </ClInclude>
    <ClInclude Include="include\logger\spdlog\logger.h">
      <Filter>File</Filter>
    </ClInclude>
    <ClInclude Include="include\logger\spdlog\logger-inl.h">
      <Filter>File</Filter>
    </ClInclude>
    <ClInclude Include="include\logger\spdlog\pattern_formatter.h">
      <Filter>File</Filter>
    </ClInclude>
    <ClInclude Include="include\logger\spdlog\pattern_formatter-inl.h">
      <Filter>File</Filter>
    </ClInclude>
    <ClInclude Include="include\logger\spdlog\spdlog.h">
      <Filter>File</Filter>
    </ClInclude>
    <ClInclude Include="include\logger\spdlog\spdlog-inl.h">
      <Filter>File</Filter>
    </ClInclude>
    <ClInclude Include="include\logger\spdlog\stopwatch.h">
      <Filter>File</Filter>
    </ClInclude>
    <ClInclude Include="include\logger\spdlog\tweakme.h">
      <Filter>File</Filter>
    </ClInclude>
    <ClInclude Include="include\logger\spdlog\version.h">
      <Filter>File</Filter>
    </ClInclude>
    <ClInclude Include="include\logger\LoggerScadaInterface.h">
      <Filter>File</Filter>
    </ClInclude>
    <ClInclude Include="include\logger\LoggerScadaSpdDDS.h">
      <Filter>File</Filter>
    </ClInclude>
    <ClInclude Include="include\logger\spdlog\LoggerScada.h">
      <Filter>File</Filter>
    </ClInclude>
    <ClInclude Include="include\logger\LoggerScada.h">
      <Filter>File</Filter>
    </ClInclude>
    <ClInclude Include="include\structs\FactoryDds.h">
      <Filter>File</Filter>
    </ClInclude>
    <ClInclude Include="include\structs\interfaces.h">
      <Filter>File</Filter>
    </ClInclude>
    <ClInclude Include="include\structs\ServiceType.h">
      <Filter>File</Filter>
    </ClInclude>
    <ClInclude Include="include\structs\struct_unit_cp.hpp">
      <Filter>File</Filter>
    </ClInclude>
    <ClInclude Include="include\structs\structs.hpp">
      <Filter>File</Filter>
    </ClInclude>
    <ClInclude Include="include\structs\TimeConverter.hpp">
      <Filter>File</Filter>
    </ClInclude>
    <ClInclude Include="include\ddsformat\DDSAlarm\DDSAlarmPubSubTypes.h">
      <Filter>File</Filter>
    </ClInclude>
    <ClInclude Include="include\logger\LoggerScadaNone.h">
      <Filter>File</Filter>
    </ClInclude>
    <ClInclude Include="include\ddsformat\DDSData\DDSData.h">
      <Filter>File</Filter>
    </ClInclude>
  </ItemGroup>
</Project>