<?xml version="1.0" encoding="utf-8"?>
<Project ToolsVersion="4.0" xmlns="http://schemas.microsoft.com/developer/msbuild/2003">
  <ItemGroup>
    <Filter Include="Исходные файлы">
      <UniqueIdentifier>{4FC737F1-C7A5-4376-A066-2A32D752A2FF}</UniqueIdentifier>
      <Extensions>cpp;c;cc;cxx;c++;cppm;ixx;def;odl;idl;hpj;bat;asm;asmx</Extensions>
    </Filter>
    <Filter Include="File">
      <UniqueIdentifier>{93995380-89BD-4b04-88EB-625FBE52EBFB}</UniqueIdentifier>
      <Extensions>h;hh;hpp;hxx;h++;hm;inl;inc;ipp;xsd</Extensions>
    </Filter>
    <Filter Include="File\Module_IO">
      <UniqueIdentifier>{7a0172d4-be96-4bc0-822a-4e4266f406b9}</UniqueIdentifier>
    </Filter>
    <Filter Include="File\Module_IO\DDSUnit">
      <UniqueIdentifier>{170000b4-920a-4844-bbbc-f18700a1bbc1}</UniqueIdentifier>
    </Filter>
    <Filter Include="File\Module_IO\DDSUnit\Adapters">
      <UniqueIdentifier>{471c293d-971b-4fba-9da3-2d0fdd22a56b}</UniqueIdentifier>
    </Filter>
    <Filter Include="File\Module_IO\DDSUnit\Adapters\SharedMemory_adapter">
      <UniqueIdentifier>{b30c4f7b-3534-4a91-8443-f44643aa0d24}</UniqueIdentifier>
    </Filter>
    <Filter Include="File\structs">
      <UniqueIdentifier>{76d1b139-0438-4809-b5bb-d147ce7c857a}</UniqueIdentifier>
    </Filter>
    <Filter Include="File\Module_CP">
      <UniqueIdentifier>{df7878c8-b76a-4373-8939-08bb671c0f22}</UniqueIdentifier>
    </Filter>
    <Filter Include="File\Module_CP\Unit_CP">
      <UniqueIdentifier>{cb637896-71ae-4e85-a085-f651d078aeb7}</UniqueIdentifier>
    </Filter>
    <Filter Include="File\Module_CP\Unit_CP\Unit_CP_DDS">
      <UniqueIdentifier>{910b7ddd-1dc5-4ef4-97ce-88b930c5193c}</UniqueIdentifier>
    </Filter>
    <Filter Include="File\Module_CP\Unit_CP\Unit_CP_TCP">
      <UniqueIdentifier>{2ca751d2-0ac5-4e21-aaf1-15ab79955e9c}</UniqueIdentifier>
    </Filter>
    <Filter Include="File\config">
      <UniqueIdentifier>{ad736e5c-80fb-491a-9c84-b217947b3be5}</UniqueIdentifier>
    </Filter>
    <Filter Include="File\ConfigReader">
      <UniqueIdentifier>{67235ef0-672d-43cf-9d8b-6838e8d55b96}</UniqueIdentifier>
    </Filter>
    <Filter Include="File\ConfigReader\ConfigReader_main">
      <UniqueIdentifier>{001c0b82-9a44-4b21-b40a-d9ae15b4f243}</UniqueIdentifier>
    </Filter>
    <Filter Include="File\ConfigReader\ConfigReader_units">
      <UniqueIdentifier>{0e8b235f-e250-4a22-b094-0f95e505ccdc}</UniqueIdentifier>
    </Filter>
    <Filter Include="File\Logger">
      <UniqueIdentifier>{2c49c579-3fef-49dd-b699-a648f44df822}</UniqueIdentifier>
    </Filter>
  </ItemGroup>
  <ItemGroup>
    <ClCompile Include="..\..\..\..\include_logger\LoggerScada.cpp">
      <Filter>File\Logger</Filter>
    </ClCompile>
    <ClCompile Include="..\..\..\..\include_logger\LoggerScadaSpd.cpp">
      <Filter>File\Logger</Filter>
    </ClCompile>
    <ClCompile Include="include\Module_IO\UnitTransfer\adapters\SharedMemory_Adapter\security_handle.cpp">
      <Filter>File\Module_IO\DDSUnit\Adapters\SharedMemory_adapter</Filter>
    </ClCompile>
    <ClCompile Include="..\..\..\..\include_logger\logger_crossplatform\logger.cpp">
      <Filter>File\Logger</Filter>
    </ClCompile>
    <ClCompile Include="include\structs\TimeConverter.cpp">
      <Filter>Исходные файлы</Filter>
    </ClCompile>
    <ClCompile Include="include\Module_IO\UnitTransfer\adapters\SharedMemory_Adapter\AdapterSharedMemory.cpp">
      <Filter>Исходные файлы</Filter>
    </ClCompile>
    <ClCompile Include="include\Module_IO\UnitTransfer\adapters\Adapters.cpp">
      <Filter>Исходные файлы</Filter>
    </ClCompile>
    <ClCompile Include="include\TypeTopicDDS\DDSData\DDSDataPubSubTypes.cxx">
      <Filter>Исходные файлы</Filter>
    </ClCompile>
    <ClCompile Include="include\TypeTopicDDS\DDSData\DDSDataTypeObject.cxx">
      <Filter>Исходные файлы</Filter>
    </ClCompile>
    <ClCompile Include="include\TypeTopicDDS\DDSDataEx\DDSDataEx.cxx">
      <Filter>Исходные файлы</Filter>
    </ClCompile>
    <ClCompile Include="include\TypeTopicDDS\DDSDataEx\DDSDataExPubSubTypes.cxx">
      <Filter>Исходные файлы</Filter>
    </ClCompile>
    <ClCompile Include="include\TypeTopicDDS\DDSDataEx\DDSDataExTypeObject.cxx">
      <Filter>Исходные файлы</Filter>
    </ClCompile>
    <ClCompile Include="include\TypeTopicDDS\DDSAlarm\DDSAlarm.cxx">
      <Filter>Исходные файлы</Filter>
    </ClCompile>
    <ClCompile Include="include\TypeTopicDDS\DDSAlarm\DDSAlarmPubSubTypes.cxx">
      <Filter>Исходные файлы</Filter>
    </ClCompile>
    <ClCompile Include="include\TypeTopicDDS\DDSAlarm\DDSAlarmTypeObject.cxx">
      <Filter>Исходные файлы</Filter>
    </ClCompile>
    <ClCompile Include="include\TypeTopicDDS\DDSAlarmEx\DDSAlarmEx.cxx">
      <Filter>Исходные файлы</Filter>
    </ClCompile>
    <ClCompile Include="include\TypeTopicDDS\DDSAlarmEx\DDSAlarmExPubSubTypes.cxx">
      <Filter>Исходные файлы</Filter>
    </ClCompile>
    <ClCompile Include="include\TypeTopicDDS\DDSAlarmEx\DDSAlarmExTypeObject.cxx">
      <Filter>Исходные файлы</Filter>
    </ClCompile>
    <ClCompile Include="include\structs\struct.cpp">
      <Filter>Исходные файлы</Filter>
    </ClCompile>
    <ClCompile Include="include\Module_IO\UnitTransfer\adapters\DDS_Adapter\AdapterDDS.cpp">
      <Filter>Исходные файлы</Filter>
    </ClCompile>
    <ClCompile Include="include\TypeTopicDDS\DDSData\DDSData.cxx">
      <Filter>Исходные файлы</Filter>
    </ClCompile>
    <ClCompile Include="include\Module_IO\UnitTransfer\adapters\OPCUA_Adapter\AdapterOPCUA.cpp">
      <Filter>Исходные файлы</Filter>
    </ClCompile>
    <ClCompile Include="main_test_opc.cpp">
      <Filter>Исходные файлы</Filter>
    </ClCompile>
  </ItemGroup>
  <ItemGroup>
    <None Include="include\config\config.json">
      <Filter>File\config</Filter>
    </None>
    <None Include="include\config\configunits.json">
      <Filter>File\config</Filter>
    </None>
  </ItemGroup>
  <ItemGroup>
    <ClInclude Include="include\configReader\ConfigReader_main\Config_Reader.h">
      <Filter>File\ConfigReader\ConfigReader_main</Filter>
    </ClInclude>
    <ClInclude Include="include\configReader\ConfigReader_units\ReaderConfigUnits.h">
      <Filter>File\ConfigReader\ConfigReader_units</Filter>
    </ClInclude>
    <ClInclude Include="..\..\..\..\include_logger\LoggerScada.hpp">
      <Filter>File\Logger</Filter>
    </ClInclude>
    <ClInclude Include="include\Module_CP\Module_CP.h">
      <Filter>File\Module_CP</Filter>
    </ClInclude>
    <ClInclude Include="include\Module_CP\Unit_CP\Unit_CP.h">
      <Filter>File\Module_CP\Unit_CP</Filter>
    </ClInclude>
    <ClInclude Include="include\Module_CP\Unit_CP\Unit_DDS_CP\Unit_DDS_CP.h">
      <Filter>File\Module_CP\Unit_CP\Unit_CP_DDS</Filter>
    </ClInclude>
    <ClInclude Include="include\Module_IO\ModuleIO.h">
      <Filter>File\Module_IO</Filter>
    </ClInclude>
    <ClInclude Include="include\Module_IO\UnitTransfer\adapters\SharedMemory_Adapter\security_handle.hpp">
      <Filter>File\Module_IO\DDSUnit\Adapters\SharedMemory_adapter</Filter>
    </ClInclude>
    <ClInclude Include="include\structs\struct_unit_cp.h">
      <Filter>File\structs</Filter>
    </ClInclude>
    <ClInclude Include="include\structs\structs.h">
      <Filter>File\structs</Filter>
    </ClInclude>
    <ClInclude Include="include\Module_CP\Unit_CP\Unit_TCP_CP\Unit_TCP_CP.h">
      <Filter>File\Module_CP\Unit_CP\Unit_CP_TCP</Filter>
    </ClInclude>
    <ClInclude Include="..\..\..\..\include_logger\logger_crossplatform\logger.h">
      <Filter>File\Logger</Filter>
    </ClInclude>
    <ClInclude Include="include\structs\TimeConverter.hpp">
      <Filter>File</Filter>
    </ClInclude>
    <ClInclude Include="include\Module_IO\UnitTransfer\adapters\SharedMemory_Adapter\AdapterSharedMemory.hpp">
      <Filter>File</Filter>
    </ClInclude>
    <ClInclude Include="include\Module_IO\UnitTransfer\adapters\Adapters.hpp">
      <Filter>File</Filter>
    </ClInclude>
    <ClInclude Include="include\TypeTopicDDS\TypeTopics.h">
      <Filter>File</Filter>
    </ClInclude>
    <ClInclude Include="include\TypeTopicDDS\DDSData\DDSDataTypeObject.h">
      <Filter>File</Filter>
    </ClInclude>
    <ClInclude Include="include\TypeTopicDDS\DDSData\DDSData.h">
      <Filter>File</Filter>
    </ClInclude>
    <ClInclude Include="include\TypeTopicDDS\DDSData\DDSDataPubSubTypes.h">
      <Filter>File</Filter>
    </ClInclude>
    <ClInclude Include="include\TypeTopicDDS\DDSDataEx\DDSDataEx.h">
      <Filter>File</Filter>
    </ClInclude>
    <ClInclude Include="include\TypeTopicDDS\DDSDataEx\DDSDataExPubSubTypes.h">
      <Filter>File</Filter>
    </ClInclude>
    <ClInclude Include="include\TypeTopicDDS\DDSDataEx\DDSDataExTypeObject.h">
      <Filter>File</Filter>
    </ClInclude>
    <ClInclude Include="include\TypeTopicDDS\DDSAlarm\DDSAlarm.h">
      <Filter>File</Filter>
    </ClInclude>
    <ClInclude Include="include\TypeTopicDDS\DDSAlarm\DDSAlarmPubSubTypes.h">
      <Filter>File</Filter>
    </ClInclude>
    <ClInclude Include="include\TypeTopicDDS\DDSAlarm\DDSAlarmTypeObject.h">
      <Filter>File</Filter>
    </ClInclude>
    <ClInclude Include="include\TypeTopicDDS\DDSAlarmEx\DDSAlarmEx.h">
      <Filter>File</Filter>
    </ClInclude>
    <ClInclude Include="include\TypeTopicDDS\DDSAlarmEx\DDSAlarmExPubSubTypes.h">
      <Filter>File</Filter>
    </ClInclude>
    <ClInclude Include="include\TypeTopicDDS\DDSAlarmEx\DDSAlarmExTypeObject.h">
      <Filter>File</Filter>
    </ClInclude>
    <ClInclude Include="include\structs\structs.hpp">
      <Filter>File</Filter>
    </ClInclude>
    <ClInclude Include="include\Module_IO\UnitTransfer\adapters\DDS_Adapter\AdapterDDS.hpp">
      <Filter>File</Filter>
    </ClInclude>
    <ClInclude Include="include\Module_IO\UnitTransfer\UnitTransfer.h">
      <Filter>File</Filter>
    </ClInclude>
    <ClInclude Include="include\Module_IO\UnitTransfer\adapters\OPCUA_Adapter\AdapterOPCUA.h">
      <Filter>File</Filter>
    </ClInclude>
  </ItemGroup>
</Project>