<?xml version="1.0" encoding="utf-8"?>
<Project ToolsVersion="4.0" xmlns="http://schemas.microsoft.com/developer/msbuild/2003">
  <ItemGroup>
    <Filter Include="Исходные файлы">
      <UniqueIdentifier>{4FC737F1-C7A5-4376-A066-2A32D752A2FF}</UniqueIdentifier>
      <Extensions>cpp;c;cc;cxx;c++;cppm;ixx;def;odl;idl;hpj;bat;asm;asmx</Extensions>
    </Filter>
    <Filter Include="Файлы заголовков">
      <UniqueIdentifier>{93995380-89BD-4b04-88EB-625FBE52EBFB}</UniqueIdentifier>
      <Extensions>h;hh;hpp;hxx;h++;hm;inl;inc;ipp;xsd</Extensions>
    </Filter>
    <Filter Include="Файлы ресурсов">
      <UniqueIdentifier>{67DA6AB6-F800-4c08-8B7A-83BB121AAD01}</UniqueIdentifier>
      <Extensions>rc;ico;cur;bmp;dlg;rc2;rct;bin;rgs;gif;jpg;jpeg;jpe;resx;tiff;tif;png;wav;mfcribbon-ms</Extensions>
    </Filter>
    <Filter Include="include">
      <UniqueIdentifier>{0a892859-682a-4384-91fa-5e7248b60295}</UniqueIdentifier>
    </Filter>
    <Filter Include="include\ddsformat">
      <UniqueIdentifier>{fdddf69d-a26f-4446-bac0-c2198c02a745}</UniqueIdentifier>
    </Filter>
  </ItemGroup>
  <ItemGroup>
    <ClCompile Include="include\ddsformat\DDSAlarm\DDSAlarm.cxx">
      <Filter>Исходные файлы</Filter>
    </ClCompile>
    <ClCompile Include="include\ddsformat\DDSAlarm\DDSAlarmPubSubTypes.cxx">
      <Filter>Исходные файлы</Filter>
    </ClCompile>
    <ClCompile Include="include\ddsformat\DDSAlarm\DDSAlarmTypeObject.cxx">
      <Filter>Исходные файлы</Filter>
    </ClCompile>
    <ClCompile Include="include\ddsformat\DDSAlarmEx\DDSAlarmEx.cxx">
      <Filter>Исходные файлы</Filter>
    </ClCompile>
    <ClCompile Include="include\ddsformat\DDSAlarmEx\DDSAlarmExPubSubTypes.cxx">
      <Filter>Исходные файлы</Filter>
    </ClCompile>
    <ClCompile Include="include\ddsformat\DDSAlarmEx\DDSAlarmExTypeObject.cxx">
      <Filter>Исходные файлы</Filter>
    </ClCompile>
    <ClCompile Include="include\ddsformat\DdsCommand\DdsCommand.cxx">
      <Filter>Исходные файлы</Filter>
    </ClCompile>
    <ClCompile Include="include\ddsformat\DdsCommand\DdsCommandPubSubTypes.cxx">
      <Filter>Исходные файлы</Filter>
    </ClCompile>
    <ClCompile Include="include\ddsformat\DdsCommand\DdsCommandTypeObject.cxx">
      <Filter>Исходные файлы</Filter>
    </ClCompile>
    <ClCompile Include="include\ddsformat\DdsConfig\DdsConfig.cxx">
      <Filter>Исходные файлы</Filter>
    </ClCompile>
    <ClCompile Include="include\ddsformat\DdsConfig\DdsConfigPubSubTypes.cxx">
      <Filter>Исходные файлы</Filter>
    </ClCompile>
    <ClCompile Include="include\ddsformat\DdsConfig\DdsConfigTypeObject.cxx">
      <Filter>Исходные файлы</Filter>
    </ClCompile>
    <ClCompile Include="include\ddsformat\DDSData\DDSData.cxx">
      <Filter>Исходные файлы</Filter>
    </ClCompile>
    <ClCompile Include="include\ddsformat\DDSData\DDSDataPubSubTypes.cxx">
      <Filter>Исходные файлы</Filter>
    </ClCompile>
    <ClCompile Include="include\ddsformat\DDSData\DDSDataTypeObject.cxx">
      <Filter>Исходные файлы</Filter>
    </ClCompile>
    <ClCompile Include="include\ddsformat\DDSDataEx\DDSDataEx.cxx">
      <Filter>Исходные файлы</Filter>
    </ClCompile>
    <ClCompile Include="include\ddsformat\DDSDataEx\DDSDataExPubSubTypes.cxx">
      <Filter>Исходные файлы</Filter>
    </ClCompile>
    <ClCompile Include="include\ddsformat\DDSDataEx\DDSDataExTypeObject.cxx">
      <Filter>Исходные файлы</Filter>
    </ClCompile>
    <ClCompile Include="include\ddsformat\DdsStatus\DdsStatus.cxx">
      <Filter>Исходные файлы</Filter>
    </ClCompile>
    <ClCompile Include="include\ddsformat\DdsStatus\DdsStatusPubSubTypes.cxx">
      <Filter>Исходные файлы</Filter>
    </ClCompile>
    <ClCompile Include="include\ddsformat\DdsStatus\DdsStatusTypeObject.cxx">
      <Filter>Исходные файлы</Filter>
    </ClCompile>
    <ClCompile Include="include\ddsformat\SizeTopics.cpp">
      <Filter>Исходные файлы</Filter>
    </ClCompile>
    <ClCompile Include="test_ddsdataex.cpp">
      <Filter>Исходные файлы</Filter>
    </ClCompile>
    <ClCompile Include="include\TimeConverter.cpp">
      <Filter>Исходные файлы</Filter>
    </ClCompile>
  </ItemGroup>
  <ItemGroup>
    <ClInclude Include="include\ddsformat\DDSAlarm\DDSAlarm.h">
      <Filter>Файлы заголовков</Filter>
    </ClInclude>
    <ClInclude Include="include\ddsformat\DDSAlarm\DDSAlarmPubSubTypes.h">
      <Filter>Файлы заголовков</Filter>
    </ClInclude>
    <ClInclude Include="include\ddsformat\DDSAlarm\DDSAlarmTypeObject.h">
      <Filter>Файлы заголовков</Filter>
    </ClInclude>
    <ClInclude Include="include\ddsformat\DDSAlarmEx\DDSAlarmEx.h">
      <Filter>Файлы заголовков</Filter>
    </ClInclude>
    <ClInclude Include="include\ddsformat\DDSAlarmEx\DDSAlarmExPubSubTypes.h">
      <Filter>Файлы заголовков</Filter>
    </ClInclude>
    <ClInclude Include="include\ddsformat\DDSAlarmEx\DDSAlarmExTypeObject.h">
      <Filter>Файлы заголовков</Filter>
    </ClInclude>
    <ClInclude Include="include\ddsformat\DdsCommand\DdsCommand.h">
      <Filter>Файлы заголовков</Filter>
    </ClInclude>
    <ClInclude Include="include\ddsformat\DdsCommand\DdsCommandPubSubTypes.h">
      <Filter>Файлы заголовков</Filter>
    </ClInclude>
    <ClInclude Include="include\ddsformat\DdsCommand\DdsCommandTypeObject.h">
      <Filter>Файлы заголовков</Filter>
    </ClInclude>
    <ClInclude Include="include\ddsformat\DdsConfig\DdsConfig.h">
      <Filter>Файлы заголовков</Filter>
    </ClInclude>
    <ClInclude Include="include\ddsformat\DdsConfig\DdsConfigPubSubTypes.h">
      <Filter>Файлы заголовков</Filter>
    </ClInclude>
    <ClInclude Include="include\ddsformat\DdsConfig\DdsConfigTypeObject.h">
      <Filter>Файлы заголовков</Filter>
    </ClInclude>
    <ClInclude Include="include\ddsformat\DDSData\DDSData.h">
      <Filter>Файлы заголовков</Filter>
    </ClInclude>
    <ClInclude Include="include\ddsformat\DDSData\DDSDataPubSubTypes.h">
      <Filter>Файлы заголовков</Filter>
    </ClInclude>
    <ClInclude Include="include\ddsformat\DDSData\DDSDataTypeObject.h">
      <Filter>Файлы заголовков</Filter>
    </ClInclude>
    <ClInclude Include="include\ddsformat\DDSDataEx\DDSDataEx.h">
      <Filter>Файлы заголовков</Filter>
    </ClInclude>
    <ClInclude Include="include\ddsformat\DDSDataEx\DDSDataExPubSubTypes.h">
      <Filter>Файлы заголовков</Filter>
    </ClInclude>
    <ClInclude Include="include\ddsformat\DDSDataEx\DDSDataExTypeObject.h">
      <Filter>Файлы заголовков</Filter>
    </ClInclude>
    <ClInclude Include="include\ddsformat\DdsStatus\DdsStatus.h">
      <Filter>Файлы заголовков</Filter>
    </ClInclude>
    <ClInclude Include="include\ddsformat\DdsStatus\DdsStatusPubSubTypes.h">
      <Filter>Файлы заголовков</Filter>
    </ClInclude>
    <ClInclude Include="include\ddsformat\DdsStatus\DdsStatusTypeObject.h">
      <Filter>Файлы заголовков</Filter>
    </ClInclude>
    <ClInclude Include="include\ddsformat\SizeTopics.h">
      <Filter>Файлы заголовков</Filter>
    </ClInclude>
    <ClInclude Include="include\ddsformat\TypeTopics.h">
      <Filter>Файлы заголовков</Filter>
    </ClInclude>
    <ClInclude Include="include\TimeConverter.hpp">
      <Filter>Файлы заголовков</Filter>
    </ClInclude>
  </ItemGroup>
</Project>